
Microsoft Visual Studio Solution File, Format Version 12.00
# Visual Studio Version 16
VisualStudioVersion = 16.0.29926.136
MinimumVisualStudioVersion = 10.0.40219.1
Project("{FAE04EC0-301F-11D3-BF4B-00C04F79EFBC}") = "AplicativoBlazor", "AplicativoBlazor\AplicativoBlazor.csproj", "{12D7AC11-CA2F-4754-935D-7E31FDDBC32D}"
EndProject
Global
	GlobalSection(SolutionConfigurationPlatforms) = preSolution
		Debug|Any CPU = Debug|Any CPU
		Release|Any CPU = Release|Any CPU
	EndGlobalSection
	GlobalSection(ProjectConfigurationPlatforms) = postSolution
		{12D7AC11-CA2F-4754-935D-7E31FDDBC32D}.Debug|Any CPU.ActiveCfg = Debug|Any CPU
		{12D7AC11-CA2F-4754-935D-7E31FDDBC32D}.Debug|Any CPU.Build.0 = Debug|Any CPU
		{12D7AC11-CA2F-4754-935D-7E31FDDBC32D}.Release|Any CPU.ActiveCfg = Release|Any CPU
		{12D7AC11-CA2F-4754-935D-7E31FDDBC32D}.Release|Any CPU.Build.0 = Release|Any CPU
	EndGlobalSection
	GlobalSection(SolutionProperties) = preSolution
		HideSolutionNode = FALSE
	EndGlobalSection
	GlobalSection(ExtensibilityGlobals) = postSolution
		SolutionGuid = {2DA55B6B-CEBD-445A-9D8A-1234CD1F0E1C}
	EndGlobalSection
EndGlobal
